// !$*UTF8*$!
{
	archiveVersion = 1;
	classes = {
	};
	objectVersion = 51;
	objects = {

/* Begin PBXBuildFile section */
		24256B85241FA7F000AA5F73 /* StoreDetailStoreImageCollectionViewCell.swift in Sources */ = {isa = PBXBuildFile; fileRef = 24256B84241FA7F000AA5F73 /* StoreDetailStoreImageCollectionViewCell.swift */; };
		24D6A4DA241F4AB9007279CD /* GuDetailVC.swift in Sources */ = {isa = PBXBuildFile; fileRef = 24D6A4D9241F4AB9007279CD /* GuDetailVC.swift */; };
		24D6A4DE241F4B4B007279CD /* SearchStore.storyboard in Resources */ = {isa = PBXBuildFile; fileRef = 24D6A4DD241F4B4A007279CD /* SearchStore.storyboard */; };
		24D6A4E3241F4B95007279CD /* SearchStoreVC.swift in Sources */ = {isa = PBXBuildFile; fileRef = 24D6A4E2241F4B95007279CD /* SearchStoreVC.swift */; };
		24D6A4E5241F4B9E007279CD /* StoreDetailVC.swift in Sources */ = {isa = PBXBuildFile; fileRef = 24D6A4E4241F4B9E007279CD /* StoreDetailVC.swift */; };
		24D6A4E7241F4BA7007279CD /* SearchBarStoreTableViewCell.swift in Sources */ = {isa = PBXBuildFile; fileRef = 24D6A4E6241F4BA7007279CD /* SearchBarStoreTableViewCell.swift */; };
		24D6EB75242124AD008B0AAC /* Store.swift in Sources */ = {isa = PBXBuildFile; fileRef = 24D6EB74242124AD008B0AAC /* Store.swift */; };
		24D6EB7724212A58008B0AAC /* GuDetail.storyboard in Resources */ = {isa = PBXBuildFile; fileRef = 24D6EB7624212A58008B0AAC /* GuDetail.storyboard */; };
		4A01599223291738000EEF1C /* AppDelegate.swift in Sources */ = {isa = PBXBuildFile; fileRef = 4A01599123291738000EEF1C /* AppDelegate.swift */; };
		4A0159992329173A000EEF1C /* Assets.xcassets in Resources */ = {isa = PBXBuildFile; fileRef = 4A0159982329173A000EEF1C /* Assets.xcassets */; };
		4A01599C2329173A000EEF1C /* LaunchScreen.storyboard in Resources */ = {isa = PBXBuildFile; fileRef = 4A01599A2329173A000EEF1C /* LaunchScreen.storyboard */; };
		4A0159CE232918AD000EEF1C /* NotoSerifCJKkr-Regular.otf in Resources */ = {isa = PBXBuildFile; fileRef = 4A0159C1232918AC000EEF1C /* NotoSerifCJKkr-Regular.otf */; };
		4A0159D0232918AD000EEF1C /* NanumSquareR.ttf in Resources */ = {isa = PBXBuildFile; fileRef = 4A0159C3232918AC000EEF1C /* NanumSquareR.ttf */; };
		4A0159D1232918AD000EEF1C /* CustomView.swift in Sources */ = {isa = PBXBuildFile; fileRef = 4A0159C5232918AC000EEF1C /* CustomView.swift */; };
		4A0159D2232918AD000EEF1C /* CustomButton.swift in Sources */ = {isa = PBXBuildFile; fileRef = 4A0159C6232918AC000EEF1C /* CustomButton.swift */; };
		4A0159D3232918AD000EEF1C /* CustomTextField.swift in Sources */ = {isa = PBXBuildFile; fileRef = 4A0159C7232918AC000EEF1C /* CustomTextField.swift */; };
		4A0159D4232918AD000EEF1C /* UINavigationbar_Extension.swift in Sources */ = {isa = PBXBuildFile; fileRef = 4A0159C9232918AC000EEF1C /* UINavigationbar_Extension.swift */; };
		4A0159D5232918AD000EEF1C /* UILabel_extension.swift in Sources */ = {isa = PBXBuildFile; fileRef = 4A0159CA232918AC000EEF1C /* UILabel_extension.swift */; };
		4A0159D6232918AD000EEF1C /* UIViewController_Extension.swift in Sources */ = {isa = PBXBuildFile; fileRef = 4A0159CB232918AC000EEF1C /* UIViewController_Extension.swift */; };
		4A0159D823291900000EEF1C /* a장미다방.ttf in Resources */ = {isa = PBXBuildFile; fileRef = 4A0159D723291900000EEF1C /* a장미다방.ttf */; };
		4A0159DC23291B91000EEF1C /* NanumSquareB.ttf in Resources */ = {isa = PBXBuildFile; fileRef = 4A0159D923291B91000EEF1C /* NanumSquareB.ttf */; };
		4A0159DD23291B91000EEF1C /* NanumSquareL.ttf in Resources */ = {isa = PBXBuildFile; fileRef = 4A0159DA23291B91000EEF1C /* NanumSquareL.ttf */; };
		4A0159DE23291B91000EEF1C /* NanumSquareEB.ttf in Resources */ = {isa = PBXBuildFile; fileRef = 4A0159DB23291B91000EEF1C /* NanumSquareEB.ttf */; };
		4ADBE04624225D9A0035C393 /* MainVC.swift in Sources */ = {isa = PBXBuildFile; fileRef = 4ADBE04524225D9A0035C393 /* MainVC.swift */; };
		4ADBE04824225E430035C393 /* Main.storyboard in Resources */ = {isa = PBXBuildFile; fileRef = 4ADBE04724225E430035C393 /* Main.storyboard */; };
		4ADBE04A242267740035C393 /* StoreCollectionViewCell.swift in Sources */ = {isa = PBXBuildFile; fileRef = 4ADBE049242267740035C393 /* StoreCollectionViewCell.swift */; };
		4ADBE04D242270C50035C393 /* Mypage.storyboard in Resources */ = {isa = PBXBuildFile; fileRef = 4ADBE04C242270C50035C393 /* Mypage.storyboard */; };
		4ADBE05324227BF80035C393 /* CourseCollectionViewCell.swift in Sources */ = {isa = PBXBuildFile; fileRef = 4ADBE05124227BF80035C393 /* CourseCollectionViewCell.swift */; };
		4ADBE05424227BF80035C393 /* CourseCollectionViewCell.xib in Resources */ = {isa = PBXBuildFile; fileRef = 4ADBE05224227BF80035C393 /* CourseCollectionViewCell.xib */; };
		4ADBE05724227C0B0035C393 /* ReviewCollectionViewCell.swift in Sources */ = {isa = PBXBuildFile; fileRef = 4ADBE05524227C0B0035C393 /* ReviewCollectionViewCell.swift */; };
		4ADBE05824227C0B0035C393 /* ReviewCollectionViewCell.xib in Resources */ = {isa = PBXBuildFile; fileRef = 4ADBE05624227C0B0035C393 /* ReviewCollectionViewCell.xib */; };
		4ADBE05A24227C840035C393 /* MypageVC.swift in Sources */ = {isa = PBXBuildFile; fileRef = 4ADBE05924227C840035C393 /* MypageVC.swift */; };
		8B2D5AD80FBE438D4ACB1051 /* Pods_Seotro.framework in Frameworks */ = {isa = PBXBuildFile; fileRef = 72BF0764BF83B31D2BEAC2BF /* Pods_Seotro.framework */; };
/* End PBXBuildFile section */

/* Begin PBXFileReference section */
		07B535A6F7FCB26788253CAD /* Pods-Seotro.debug.xcconfig */ = {isa = PBXFileReference; includeInIndex = 1; lastKnownFileType = text.xcconfig; name = "Pods-Seotro.debug.xcconfig"; path = "Target Support Files/Pods-Seotro/Pods-Seotro.debug.xcconfig"; sourceTree = "<group>"; };
		24256B84241FA7F000AA5F73 /* StoreDetailStoreImageCollectionViewCell.swift */ = {isa = PBXFileReference; lastKnownFileType = sourcecode.swift; path = StoreDetailStoreImageCollectionViewCell.swift; sourceTree = "<group>"; };
		24D6A4D9241F4AB9007279CD /* GuDetailVC.swift */ = {isa = PBXFileReference; fileEncoding = 4; lastKnownFileType = sourcecode.swift; path = GuDetailVC.swift; sourceTree = "<group>"; };
		24D6A4DD241F4B4A007279CD /* SearchStore.storyboard */ = {isa = PBXFileReference; fileEncoding = 4; lastKnownFileType = file.storyboard; path = SearchStore.storyboard; sourceTree = "<group>"; };
		24D6A4E2241F4B95007279CD /* SearchStoreVC.swift */ = {isa = PBXFileReference; fileEncoding = 4; lastKnownFileType = sourcecode.swift; path = SearchStoreVC.swift; sourceTree = "<group>"; };
		24D6A4E4241F4B9E007279CD /* StoreDetailVC.swift */ = {isa = PBXFileReference; fileEncoding = 4; lastKnownFileType = sourcecode.swift; path = StoreDetailVC.swift; sourceTree = "<group>"; };
		24D6A4E6241F4BA7007279CD /* SearchBarStoreTableViewCell.swift */ = {isa = PBXFileReference; fileEncoding = 4; lastKnownFileType = sourcecode.swift; path = SearchBarStoreTableViewCell.swift; sourceTree = "<group>"; };
		24D6A4E8241F8E59007279CD /* StoreCollectionViewCell.swift */ = {isa = PBXFileReference; lastKnownFileType = sourcecode.swift; path = StoreCollectionViewCell.swift; sourceTree = "<group>"; };
		24D6EB74242124AD008B0AAC /* Store.swift */ = {isa = PBXFileReference; lastKnownFileType = sourcecode.swift; path = Store.swift; sourceTree = "<group>"; };
		24D6EB7624212A58008B0AAC /* GuDetail.storyboard */ = {isa = PBXFileReference; lastKnownFileType = file.storyboard; path = GuDetail.storyboard; sourceTree = "<group>"; };
		4A01598E23291738000EEF1C /* Seotro.app */ = {isa = PBXFileReference; explicitFileType = wrapper.application; includeInIndex = 0; path = Seotro.app; sourceTree = BUILT_PRODUCTS_DIR; };
		4A01599123291738000EEF1C /* AppDelegate.swift */ = {isa = PBXFileReference; lastKnownFileType = sourcecode.swift; path = AppDelegate.swift; sourceTree = "<group>"; };
		4A0159982329173A000EEF1C /* Assets.xcassets */ = {isa = PBXFileReference; lastKnownFileType = folder.assetcatalog; path = Assets.xcassets; sourceTree = "<group>"; };
		4A01599B2329173A000EEF1C /* Base */ = {isa = PBXFileReference; lastKnownFileType = file.storyboard; name = Base; path = Base.lproj/LaunchScreen.storyboard; sourceTree = "<group>"; };
		4A01599D2329173A000EEF1C /* Info.plist */ = {isa = PBXFileReference; lastKnownFileType = text.plist.xml; path = Info.plist; sourceTree = "<group>"; };
		4A0159C1232918AC000EEF1C /* NotoSerifCJKkr-Regular.otf */ = {isa = PBXFileReference; lastKnownFileType = file; path = "NotoSerifCJKkr-Regular.otf"; sourceTree = "<group>"; };
		4A0159C3232918AC000EEF1C /* NanumSquareR.ttf */ = {isa = PBXFileReference; lastKnownFileType = file; path = NanumSquareR.ttf; sourceTree = "<group>"; };
		4A0159C5232918AC000EEF1C /* CustomView.swift */ = {isa = PBXFileReference; fileEncoding = 4; lastKnownFileType = sourcecode.swift; path = CustomView.swift; sourceTree = "<group>"; };
		4A0159C6232918AC000EEF1C /* CustomButton.swift */ = {isa = PBXFileReference; fileEncoding = 4; lastKnownFileType = sourcecode.swift; path = CustomButton.swift; sourceTree = "<group>"; };
		4A0159C7232918AC000EEF1C /* CustomTextField.swift */ = {isa = PBXFileReference; fileEncoding = 4; lastKnownFileType = sourcecode.swift; path = CustomTextField.swift; sourceTree = "<group>"; };
		4A0159C9232918AC000EEF1C /* UINavigationbar_Extension.swift */ = {isa = PBXFileReference; fileEncoding = 4; lastKnownFileType = sourcecode.swift; path = UINavigationbar_Extension.swift; sourceTree = "<group>"; };
		4A0159CA232918AC000EEF1C /* UILabel_extension.swift */ = {isa = PBXFileReference; fileEncoding = 4; lastKnownFileType = sourcecode.swift; path = UILabel_extension.swift; sourceTree = "<group>"; };
		4A0159CB232918AC000EEF1C /* UIViewController_Extension.swift */ = {isa = PBXFileReference; fileEncoding = 4; lastKnownFileType = sourcecode.swift; path = UIViewController_Extension.swift; sourceTree = "<group>"; };
		4A0159D723291900000EEF1C /* a장미다방.ttf */ = {isa = PBXFileReference; lastKnownFileType = file; path = "a장미다방.ttf"; sourceTree = "<group>"; };
		4A0159D923291B91000EEF1C /* NanumSquareB.ttf */ = {isa = PBXFileReference; lastKnownFileType = file; path = NanumSquareB.ttf; sourceTree = "<group>"; };
		4A0159DA23291B91000EEF1C /* NanumSquareL.ttf */ = {isa = PBXFileReference; lastKnownFileType = file; path = NanumSquareL.ttf; sourceTree = "<group>"; };
		4A0159DB23291B91000EEF1C /* NanumSquareEB.ttf */ = {isa = PBXFileReference; lastKnownFileType = file; path = NanumSquareEB.ttf; sourceTree = "<group>"; };
		4ADBE04524225D9A0035C393 /* MainVC.swift */ = {isa = PBXFileReference; lastKnownFileType = sourcecode.swift; path = MainVC.swift; sourceTree = "<group>"; };
		4ADBE04724225E430035C393 /* Main.storyboard */ = {isa = PBXFileReference; lastKnownFileType = file.storyboard; path = Main.storyboard; sourceTree = "<group>"; };
		4ADBE049242267740035C393 /* StoreCollectionViewCell.swift */ = {isa = PBXFileReference; lastKnownFileType = sourcecode.swift; path = StoreCollectionViewCell.swift; sourceTree = "<group>"; };
		4ADBE04C242270C50035C393 /* Mypage.storyboard */ = {isa = PBXFileReference; lastKnownFileType = file.storyboard; path = Mypage.storyboard; sourceTree = "<group>"; };
		4ADBE05124227BF80035C393 /* CourseCollectionViewCell.swift */ = {isa = PBXFileReference; lastKnownFileType = sourcecode.swift; path = CourseCollectionViewCell.swift; sourceTree = "<group>"; };
		4ADBE05224227BF80035C393 /* CourseCollectionViewCell.xib */ = {isa = PBXFileReference; lastKnownFileType = file.xib; path = CourseCollectionViewCell.xib; sourceTree = "<group>"; };
		4ADBE05524227C0B0035C393 /* ReviewCollectionViewCell.swift */ = {isa = PBXFileReference; lastKnownFileType = sourcecode.swift; path = ReviewCollectionViewCell.swift; sourceTree = "<group>"; };
		4ADBE05624227C0B0035C393 /* ReviewCollectionViewCell.xib */ = {isa = PBXFileReference; lastKnownFileType = file.xib; path = ReviewCollectionViewCell.xib; sourceTree = "<group>"; };
		4ADBE05924227C840035C393 /* MypageVC.swift */ = {isa = PBXFileReference; lastKnownFileType = sourcecode.swift; path = MypageVC.swift; sourceTree = "<group>"; };
		72BF0764BF83B31D2BEAC2BF /* Pods_Seotro.framework */ = {isa = PBXFileReference; explicitFileType = wrapper.framework; includeInIndex = 0; path = Pods_Seotro.framework; sourceTree = BUILT_PRODUCTS_DIR; };
		9C437B11961FE36AB8579766 /* Pods-Seotro.release.xcconfig */ = {isa = PBXFileReference; includeInIndex = 1; lastKnownFileType = text.xcconfig; name = "Pods-Seotro.release.xcconfig"; path = "Target Support Files/Pods-Seotro/Pods-Seotro.release.xcconfig"; sourceTree = "<group>"; };
/* End PBXFileReference section */

/* Begin PBXFrameworksBuildPhase section */
		4A01598B23291738000EEF1C /* Frameworks */ = {
			isa = PBXFrameworksBuildPhase;
			buildActionMask = 2147483647;
			files = (
				8B2D5AD80FBE438D4ACB1051 /* Pods_Seotro.framework in Frameworks */,
			);
			runOnlyForDeploymentPostprocessing = 0;
		};
/* End PBXFrameworksBuildPhase section */

/* Begin PBXGroup section */
		02FF891C1E7967F47351E787 /* Frameworks */ = {
			isa = PBXGroup;
			children = (
				72BF0764BF83B31D2BEAC2BF /* Pods_Seotro.framework */,
			);
			name = Frameworks;
			sourceTree = "<group>";
		};
		24256B82241FA79000AA5F73 /* StoreDetail */ = {
			isa = PBXGroup;
			children = (
				24256B83241FA79F00AA5F73 /* views */,
			);
			path = StoreDetail;
			sourceTree = "<group>";
		};
		24256B83241FA79F00AA5F73 /* views */ = {
			isa = PBXGroup;
			children = (
				24256B84241FA7F000AA5F73 /* StoreDetailStoreImageCollectionViewCell.swift */,
				4ADBE049242267740035C393 /* StoreCollectionViewCell.swift */,
			);
			path = views;
			sourceTree = "<group>";
		};
		24D6A4CB241F47DB007279CD /* SearchStore */ = {
			isa = PBXGroup;
			children = (
				24D6A4E4241F4B9E007279CD /* StoreDetailVC.swift */,
				24D6A4E2241F4B95007279CD /* SearchStoreVC.swift */,
				24D6A4D6241F4A84007279CD /* views */,
			);
			path = SearchStore;
			sourceTree = "<group>";
		};
		24D6A4D1241F4956007279CD /* GuDetail */ = {
			isa = PBXGroup;
			children = (
				24D6A4D9241F4AB9007279CD /* GuDetailVC.swift */,
				24D6A4D5241F4A7F007279CD /* views */,
			);
			path = GuDetail;
			sourceTree = "<group>";
		};
		24D6A4D2241F4989007279CD /* models */ = {
			isa = PBXGroup;
			children = (
				24D6EB74242124AD008B0AAC /* Store.swift */,
			);
			path = models;
			sourceTree = "<group>";
		};
		24D6A4D5241F4A7F007279CD /* views */ = {
			isa = PBXGroup;
			children = (
				24D6A4E8241F8E59007279CD /* StoreCollectionViewCell.swift */,
			);
			path = views;
			sourceTree = "<group>";
		};
		24D6A4D6241F4A84007279CD /* views */ = {
			isa = PBXGroup;
			children = (
				24D6A4E6241F4BA7007279CD /* SearchBarStoreTableViewCell.swift */,
			);
			path = views;
			sourceTree = "<group>";
		};
		4A01598523291738000EEF1C = {
			isa = PBXGroup;
			children = (
				4A01599023291738000EEF1C /* Seotro */,
				4A01598F23291738000EEF1C /* Products */,
				72B7833F3801D0317CCD2CD2 /* Pods */,
				02FF891C1E7967F47351E787 /* Frameworks */,
			);
			sourceTree = "<group>";
		};
		4A01598F23291738000EEF1C /* Products */ = {
			isa = PBXGroup;
			children = (
				4A01598E23291738000EEF1C /* Seotro.app */,
			);
			name = Products;
			sourceTree = "<group>";
		};
		4A01599023291738000EEF1C /* Seotro */ = {
			isa = PBXGroup;
			children = (
				24D6A4D2241F4989007279CD /* models */,
				4A0159A92329186E000EEF1C /* storyboards */,
				4A0159A42329186E000EEF1C /* view controllers */,
				4A0159A3232917C2000EEF1C /* supporting files */,
			);
			path = Seotro;
			sourceTree = "<group>";
		};
		4A0159A3232917C2000EEF1C /* supporting files */ = {
			isa = PBXGroup;
			children = (
				4A0159C4232918AC000EEF1C /* custom */,
				4A0159C8232918AC000EEF1C /* extension */,
				4A0159BE232918AC000EEF1C /* fonts */,
				4A01599123291738000EEF1C /* AppDelegate.swift */,
				4A01599D2329173A000EEF1C /* Info.plist */,
				4A0159982329173A000EEF1C /* Assets.xcassets */,
			);
			path = "supporting files";
			sourceTree = "<group>";
		};
		4A0159A42329186E000EEF1C /* view controllers */ = {
			isa = PBXGroup;
			children = (
				4ADBE04B242270AE0035C393 /* Mypage */,
				4ADBE04424225D790035C393 /* Main */,
				24256B82241FA79000AA5F73 /* StoreDetail */,
				24D6A4D1241F4956007279CD /* GuDetail */,
				24D6A4CB241F47DB007279CD /* SearchStore */,
				4A0159A52329186E000EEF1C /* Signup */,
				4A0159A72329186E000EEF1C /* Signin */,
			);
			path = "view controllers";
			sourceTree = "<group>";
		};
		4A0159A52329186E000EEF1C /* Signup */ = {
			isa = PBXGroup;
			children = (
			);
			path = Signup;
			sourceTree = "<group>";
		};
		4A0159A72329186E000EEF1C /* Signin */ = {
			isa = PBXGroup;
			children = (
			);
			path = Signin;
			sourceTree = "<group>";
		};
		4A0159A92329186E000EEF1C /* storyboards */ = {
			isa = PBXGroup;
			children = (
				24D6A4DD241F4B4A007279CD /* SearchStore.storyboard */,
				4A01599A2329173A000EEF1C /* LaunchScreen.storyboard */,
				24D6EB7624212A58008B0AAC /* GuDetail.storyboard */,
				4ADBE04724225E430035C393 /* Main.storyboard */,
				4ADBE04C242270C50035C393 /* Mypage.storyboard */,
			);
			path = storyboards;
			sourceTree = "<group>";
		};
		4A0159BE232918AC000EEF1C /* fonts */ = {
			isa = PBXGroup;
			children = (
				4A0159D723291900000EEF1C /* a장미다방.ttf */,
				4A0159D923291B91000EEF1C /* NanumSquareB.ttf */,
				4A0159DB23291B91000EEF1C /* NanumSquareEB.ttf */,
				4A0159DA23291B91000EEF1C /* NanumSquareL.ttf */,
				4A0159C1232918AC000EEF1C /* NotoSerifCJKkr-Regular.otf */,
				4A0159C3232918AC000EEF1C /* NanumSquareR.ttf */,
			);
			path = fonts;
			sourceTree = "<group>";
		};
		4A0159C4232918AC000EEF1C /* custom */ = {
			isa = PBXGroup;
			children = (
				4A0159C5232918AC000EEF1C /* CustomView.swift */,
				4A0159C6232918AC000EEF1C /* CustomButton.swift */,
				4A0159C7232918AC000EEF1C /* CustomTextField.swift */,
			);
			path = custom;
			sourceTree = "<group>";
		};
		4A0159C8232918AC000EEF1C /* extension */ = {
			isa = PBXGroup;
			children = (
				4A0159C9232918AC000EEF1C /* UINavigationbar_Extension.swift */,
				4A0159CA232918AC000EEF1C /* UILabel_extension.swift */,
				4A0159CB232918AC000EEF1C /* UIViewController_Extension.swift */,
			);
			path = extension;
			sourceTree = "<group>";
		};
		4ADBE04424225D790035C393 /* Main */ = {
			isa = PBXGroup;
			children = (
				4ADBE04524225D9A0035C393 /* MainVC.swift */,
			);
			path = Main;
			sourceTree = "<group>";
		};
		4ADBE04B242270AE0035C393 /* Mypage */ = {
			isa = PBXGroup;
			children = (
				4ADBE04E2422798D0035C393 /* views */,
				4ADBE05924227C840035C393 /* MypageVC.swift */,
			);
			path = Mypage;
			sourceTree = "<group>";
		};
		4ADBE04E2422798D0035C393 /* views */ = {
			isa = PBXGroup;
			children = (
				4ADBE05024227BB00035C393 /* course */,
				4ADBE04F24227BA60035C393 /* review */,
			);
			path = views;
			sourceTree = "<group>";
		};
		4ADBE04F24227BA60035C393 /* review */ = {
			isa = PBXGroup;
			children = (
				4ADBE05524227C0B0035C393 /* ReviewCollectionViewCell.swift */,
				4ADBE05624227C0B0035C393 /* ReviewCollectionViewCell.xib */,
			);
			path = review;
			sourceTree = "<group>";
		};
		4ADBE05024227BB00035C393 /* course */ = {
			isa = PBXGroup;
			children = (
				4ADBE05124227BF80035C393 /* CourseCollectionViewCell.swift */,
				4ADBE05224227BF80035C393 /* CourseCollectionViewCell.xib */,
			);
			path = course;
			sourceTree = "<group>";
		};
		72B7833F3801D0317CCD2CD2 /* Pods */ = {
			isa = PBXGroup;
			children = (
				07B535A6F7FCB26788253CAD /* Pods-Seotro.debug.xcconfig */,
				9C437B11961FE36AB8579766 /* Pods-Seotro.release.xcconfig */,
			);
			path = Pods;
			sourceTree = "<group>";
		};
/* End PBXGroup section */

/* Begin PBXNativeTarget section */
		4A01598D23291738000EEF1C /* Seotro */ = {
			isa = PBXNativeTarget;
			buildConfigurationList = 4A0159A02329173A000EEF1C /* Build configuration list for PBXNativeTarget "Seotro" */;
			buildPhases = (
				1B6351134A33106E34FCF5E9 /* [CP] Check Pods Manifest.lock */,
				4A01598A23291738000EEF1C /* Sources */,
				4A01598B23291738000EEF1C /* Frameworks */,
				4A01598C23291738000EEF1C /* Resources */,
				F9BDC142BC46019F4348ACF0 /* [CP] Embed Pods Frameworks */,
			);
			buildRules = (
			);
			dependencies = (
			);
			name = Seotro;
			productName = Seotro;
			productReference = 4A01598E23291738000EEF1C /* Seotro.app */;
			productType = "com.apple.product-type.application";
		};
/* End PBXNativeTarget section */

/* Begin PBXProject section */
		4A01598623291738000EEF1C /* Project object */ = {
			isa = PBXProject;
			attributes = {
				LastSwiftUpdateCheck = 1030;
				LastUpgradeCheck = 1030;
				ORGANIZATIONNAME = "박지수";
				TargetAttributes = {
					4A01598D23291738000EEF1C = {
						CreatedOnToolsVersion = 10.3;
						LastSwiftMigration = 1130;
					};
				};
			};
			buildConfigurationList = 4A01598923291738000EEF1C /* Build configuration list for PBXProject "Seotro" */;
			compatibilityVersion = "Xcode 9.3";
			developmentRegion = en;
			hasScannedForEncodings = 0;
			knownRegions = (
				en,
				Base,
			);
			mainGroup = 4A01598523291738000EEF1C;
			productRefGroup = 4A01598F23291738000EEF1C /* Products */;
			projectDirPath = "";
			projectRoot = "";
			targets = (
				4A01598D23291738000EEF1C /* Seotro */,
			);
		};
/* End PBXProject section */

/* Begin PBXResourcesBuildPhase section */
		4A01598C23291738000EEF1C /* Resources */ = {
			isa = PBXResourcesBuildPhase;
			buildActionMask = 2147483647;
			files = (
				4A0159DE23291B91000EEF1C /* NanumSquareEB.ttf in Resources */,
				4ADBE05424227BF80035C393 /* CourseCollectionViewCell.xib in Resources */,
				4A0159CE232918AD000EEF1C /* NotoSerifCJKkr-Regular.otf in Resources */,
				4A0159DC23291B91000EEF1C /* NanumSquareB.ttf in Resources */,
				4A0159D823291900000EEF1C /* a장미다방.ttf in Resources */,
				4A01599C2329173A000EEF1C /* LaunchScreen.storyboard in Resources */,
				4ADBE04824225E430035C393 /* Main.storyboard in Resources */,
				24D6EB7724212A58008B0AAC /* GuDetail.storyboard in Resources */,
				4ADBE04D242270C50035C393 /* Mypage.storyboard in Resources */,
				24D6A4DE241F4B4B007279CD /* SearchStore.storyboard in Resources */,
				4ADBE05824227C0B0035C393 /* ReviewCollectionViewCell.xib in Resources */,
				4A0159992329173A000EEF1C /* Assets.xcassets in Resources */,
				4A0159D0232918AD000EEF1C /* NanumSquareR.ttf in Resources */,
				4A0159DD23291B91000EEF1C /* NanumSquareL.ttf in Resources */,
			);
			runOnlyForDeploymentPostprocessing = 0;
		};
/* End PBXResourcesBuildPhase section */

/* Begin PBXShellScriptBuildPhase section */
		1B6351134A33106E34FCF5E9 /* [CP] Check Pods Manifest.lock */ = {
			isa = PBXShellScriptBuildPhase;
			buildActionMask = 2147483647;
			files = (
			);
			inputFileListPaths = (
			);
			inputPaths = (
				"${PODS_PODFILE_DIR_PATH}/Podfile.lock",
				"${PODS_ROOT}/Manifest.lock",
			);
			name = "[CP] Check Pods Manifest.lock";
			outputFileListPaths = (
			);
			outputPaths = (
				"$(DERIVED_FILE_DIR)/Pods-Seotro-checkManifestLockResult.txt",
			);
			runOnlyForDeploymentPostprocessing = 0;
			shellPath = /bin/sh;
			shellScript = "diff \"${PODS_PODFILE_DIR_PATH}/Podfile.lock\" \"${PODS_ROOT}/Manifest.lock\" > /dev/null\nif [ $? != 0 ] ; then\n    # print error to STDERR\n    echo \"error: The sandbox is not in sync with the Podfile.lock. Run 'pod install' or update your CocoaPods installation.\" >&2\n    exit 1\nfi\n# This output is used by Xcode 'outputs' to avoid re-running this script phase.\necho \"SUCCESS\" > \"${SCRIPT_OUTPUT_FILE_0}\"\n";
			showEnvVarsInLog = 0;
		};
		F9BDC142BC46019F4348ACF0 /* [CP] Embed Pods Frameworks */ = {
			isa = PBXShellScriptBuildPhase;
			buildActionMask = 2147483647;
			files = (
			);
			inputFileListPaths = (
				"${PODS_ROOT}/Target Support Files/Pods-Seotro/Pods-Seotro-frameworks-${CONFIGURATION}-input-files.xcfilelist",
			);
			name = "[CP] Embed Pods Frameworks";
			outputFileListPaths = (
				"${PODS_ROOT}/Target Support Files/Pods-Seotro/Pods-Seotro-frameworks-${CONFIGURATION}-output-files.xcfilelist",
			);
			runOnlyForDeploymentPostprocessing = 0;
			shellPath = /bin/sh;
			shellScript = "\"${PODS_ROOT}/Target Support Files/Pods-Seotro/Pods-Seotro-frameworks.sh\"\n";
			showEnvVarsInLog = 0;
		};
/* End PBXShellScriptBuildPhase section */

/* Begin PBXSourcesBuildPhase section */
		4A01598A23291738000EEF1C /* Sources */ = {
			isa = PBXSourcesBuildPhase;
			buildActionMask = 2147483647;
			files = (
				4A0159D3232918AD000EEF1C /* CustomTextField.swift in Sources */,
				4ADBE05324227BF80035C393 /* CourseCollectionViewCell.swift in Sources */,
				4ADBE05724227C0B0035C393 /* ReviewCollectionViewCell.swift in Sources */,
				4ADBE05A24227C840035C393 /* MypageVC.swift in Sources */,
				4A0159D5232918AD000EEF1C /* UILabel_extension.swift in Sources */,
				4A0159D4232918AD000EEF1C /* UINavigationbar_Extension.swift in Sources */,
				24D6A4E7241F4BA7007279CD /* SearchBarStoreTableViewCell.swift in Sources */,
				4A0159D1232918AD000EEF1C /* CustomView.swift in Sources */,
				4A0159D6232918AD000EEF1C /* UIViewController_Extension.swift in Sources */,
				24D6A4E3241F4B95007279CD /* SearchStoreVC.swift in Sources */,
				4ADBE04A242267740035C393 /* StoreCollectionViewCell.swift in Sources */,
				24D6EB75242124AD008B0AAC /* Store.swift in Sources */,
				24D6A4E5241F4B9E007279CD /* StoreDetailVC.swift in Sources */,
				24D6A4DA241F4AB9007279CD /* GuDetailVC.swift in Sources */,
				4A0159D2232918AD000EEF1C /* CustomButton.swift in Sources */,
				4A01599223291738000EEF1C /* AppDelegate.swift in Sources */,
				24256B85241FA7F000AA5F73 /* StoreDetailStoreImageCollectionViewCell.swift in Sources */,
				4ADBE04624225D9A0035C393 /* MainVC.swift in Sources */,
			);
			runOnlyForDeploymentPostprocessing = 0;
		};
/* End PBXSourcesBuildPhase section */

/* Begin PBXVariantGroup section */
		4A01599A2329173A000EEF1C /* LaunchScreen.storyboard */ = {
			isa = PBXVariantGroup;
			children = (
				4A01599B2329173A000EEF1C /* Base */,
			);
			name = LaunchScreen.storyboard;
			sourceTree = "<group>";
		};
/* End PBXVariantGroup section */

/* Begin XCBuildConfiguration section */
		4A01599E2329173A000EEF1C /* Debug */ = {
			isa = XCBuildConfiguration;
			buildSettings = {
				ALWAYS_SEARCH_USER_PATHS = NO;
				CLANG_ANALYZER_NONNULL = YES;
				CLANG_ANALYZER_NUMBER_OBJECT_CONVERSION = YES_AGGRESSIVE;
				CLANG_CXX_LANGUAGE_STANDARD = "gnu++14";
				CLANG_CXX_LIBRARY = "libc++";
				CLANG_ENABLE_MODULES = YES;
				CLANG_ENABLE_OBJC_ARC = YES;
				CLANG_ENABLE_OBJC_WEAK = YES;
				CLANG_WARN_BLOCK_CAPTURE_AUTORELEASING = YES;
				CLANG_WARN_BOOL_CONVERSION = YES;
				CLANG_WARN_COMMA = YES;
				CLANG_WARN_CONSTANT_CONVERSION = YES;
				CLANG_WARN_DEPRECATED_OBJC_IMPLEMENTATIONS = YES;
				CLANG_WARN_DIRECT_OBJC_ISA_USAGE = YES_ERROR;
				CLANG_WARN_DOCUMENTATION_COMMENTS = YES;
				CLANG_WARN_EMPTY_BODY = YES;
				CLANG_WARN_ENUM_CONVERSION = YES;
				CLANG_WARN_INFINITE_RECURSION = YES;
				CLANG_WARN_INT_CONVERSION = YES;
				CLANG_WARN_NON_LITERAL_NULL_CONVERSION = YES;
				CLANG_WARN_OBJC_IMPLICIT_RETAIN_SELF = YES;
				CLANG_WARN_OBJC_LITERAL_CONVERSION = YES;
				CLANG_WARN_OBJC_ROOT_CLASS = YES_ERROR;
				CLANG_WARN_RANGE_LOOP_ANALYSIS = YES;
				CLANG_WARN_STRICT_PROTOTYPES = YES;
				CLANG_WARN_SUSPICIOUS_MOVE = YES;
				CLANG_WARN_UNGUARDED_AVAILABILITY = YES_AGGRESSIVE;
				CLANG_WARN_UNREACHABLE_CODE = YES;
				CLANG_WARN__DUPLICATE_METHOD_MATCH = YES;
				CODE_SIGN_IDENTITY = "iPhone Developer";
				COPY_PHASE_STRIP = NO;
				DEBUG_INFORMATION_FORMAT = dwarf;
				ENABLE_STRICT_OBJC_MSGSEND = YES;
				ENABLE_TESTABILITY = YES;
				GCC_C_LANGUAGE_STANDARD = gnu11;
				GCC_DYNAMIC_NO_PIC = NO;
				GCC_NO_COMMON_BLOCKS = YES;
				GCC_OPTIMIZATION_LEVEL = 0;
				GCC_PREPROCESSOR_DEFINITIONS = (
					"DEBUG=1",
					"$(inherited)",
				);
				GCC_WARN_64_TO_32_BIT_CONVERSION = YES;
				GCC_WARN_ABOUT_RETURN_TYPE = YES_ERROR;
				GCC_WARN_UNDECLARED_SELECTOR = YES;
				GCC_WARN_UNINITIALIZED_AUTOS = YES_AGGRESSIVE;
				GCC_WARN_UNUSED_FUNCTION = YES;
				GCC_WARN_UNUSED_VARIABLE = YES;
				IPHONEOS_DEPLOYMENT_TARGET = 12.4;
				MTL_ENABLE_DEBUG_INFO = INCLUDE_SOURCE;
				MTL_FAST_MATH = YES;
				ONLY_ACTIVE_ARCH = YES;
				SDKROOT = iphoneos;
				SWIFT_ACTIVE_COMPILATION_CONDITIONS = DEBUG;
				SWIFT_OPTIMIZATION_LEVEL = "-Onone";
			};
			name = Debug;
		};
		4A01599F2329173A000EEF1C /* Release */ = {
			isa = XCBuildConfiguration;
			buildSettings = {
				ALWAYS_SEARCH_USER_PATHS = NO;
				CLANG_ANALYZER_NONNULL = YES;
				CLANG_ANALYZER_NUMBER_OBJECT_CONVERSION = YES_AGGRESSIVE;
				CLANG_CXX_LANGUAGE_STANDARD = "gnu++14";
				CLANG_CXX_LIBRARY = "libc++";
				CLANG_ENABLE_MODULES = YES;
				CLANG_ENABLE_OBJC_ARC = YES;
				CLANG_ENABLE_OBJC_WEAK = YES;
				CLANG_WARN_BLOCK_CAPTURE_AUTORELEASING = YES;
				CLANG_WARN_BOOL_CONVERSION = YES;
				CLANG_WARN_COMMA = YES;
				CLANG_WARN_CONSTANT_CONVERSION = YES;
				CLANG_WARN_DEPRECATED_OBJC_IMPLEMENTATIONS = YES;
				CLANG_WARN_DIRECT_OBJC_ISA_USAGE = YES_ERROR;
				CLANG_WARN_DOCUMENTATION_COMMENTS = YES;
				CLANG_WARN_EMPTY_BODY = YES;
				CLANG_WARN_ENUM_CONVERSION = YES;
				CLANG_WARN_INFINITE_RECURSION = YES;
				CLANG_WARN_INT_CONVERSION = YES;
				CLANG_WARN_NON_LITERAL_NULL_CONVERSION = YES;
				CLANG_WARN_OBJC_IMPLICIT_RETAIN_SELF = YES;
				CLANG_WARN_OBJC_LITERAL_CONVERSION = YES;
				CLANG_WARN_OBJC_ROOT_CLASS = YES_ERROR;
				CLANG_WARN_RANGE_LOOP_ANALYSIS = YES;
				CLANG_WARN_STRICT_PROTOTYPES = YES;
				CLANG_WARN_SUSPICIOUS_MOVE = YES;
				CLANG_WARN_UNGUARDED_AVAILABILITY = YES_AGGRESSIVE;
				CLANG_WARN_UNREACHABLE_CODE = YES;
				CLANG_WARN__DUPLICATE_METHOD_MATCH = YES;
				CODE_SIGN_IDENTITY = "iPhone Developer";
				COPY_PHASE_STRIP = NO;
				DEBUG_INFORMATION_FORMAT = "dwarf-with-dsym";
				ENABLE_NS_ASSERTIONS = NO;
				ENABLE_STRICT_OBJC_MSGSEND = YES;
				GCC_C_LANGUAGE_STANDARD = gnu11;
				GCC_NO_COMMON_BLOCKS = YES;
				GCC_WARN_64_TO_32_BIT_CONVERSION = YES;
				GCC_WARN_ABOUT_RETURN_TYPE = YES_ERROR;
				GCC_WARN_UNDECLARED_SELECTOR = YES;
				GCC_WARN_UNINITIALIZED_AUTOS = YES_AGGRESSIVE;
				GCC_WARN_UNUSED_FUNCTION = YES;
				GCC_WARN_UNUSED_VARIABLE = YES;
				IPHONEOS_DEPLOYMENT_TARGET = 12.4;
				MTL_ENABLE_DEBUG_INFO = NO;
				MTL_FAST_MATH = YES;
				SDKROOT = iphoneos;
				SWIFT_COMPILATION_MODE = wholemodule;
				SWIFT_OPTIMIZATION_LEVEL = "-O";
				VALIDATE_PRODUCT = YES;
			};
			name = Release;
		};
		4A0159A12329173A000EEF1C /* Debug */ = {
			isa = XCBuildConfiguration;
			baseConfigurationReference = 07B535A6F7FCB26788253CAD /* Pods-Seotro.debug.xcconfig */;
			buildSettings = {
				ASSETCATALOG_COMPILER_APPICON_NAME = AppIcon;
				CLANG_ENABLE_MODULES = YES;
				CODE_SIGN_STYLE = Automatic;
				DEVELOPMENT_TEAM = U49AK38MC9;
				INFOPLIST_FILE = "$(SRCROOT)/Seotro/supporting files/Info.plist";
				LD_RUNPATH_SEARCH_PATHS = (
					"$(inherited)",
					"@executable_path/Frameworks",
				);
				PRODUCT_BUNDLE_IDENTIFIER = "-016112128-dongguk.edu";
				PRODUCT_NAME = "$(TARGET_NAME)";
				SWIFT_OBJC_BRIDGING_HEADER = "";
				SWIFT_OPTIMIZATION_LEVEL = "-Onone";
				SWIFT_VERSION = 5.0;
				TARGETED_DEVICE_FAMILY = "1,2";
			};
			name = Debug;
		};
		4A0159A22329173A000EEF1C /* Release */ = {
			isa = XCBuildConfiguration;
			baseConfigurationReference = 9C437B11961FE36AB8579766 /* Pods-Seotro.release.xcconfig */;
			buildSettings = {
				ASSETCATALOG_COMPILER_APPICON_NAME = AppIcon;
				CLANG_ENABLE_MODULES = YES;
				CODE_SIGN_STYLE = Automatic;
				DEVELOPMENT_TEAM = U49AK38MC9;
				INFOPLIST_FILE = "$(SRCROOT)/Seotro/supporting files/Info.plist";
				LD_RUNPATH_SEARCH_PATHS = (
					"$(inherited)",
					"@executable_path/Frameworks",
				);
				PRODUCT_BUNDLE_IDENTIFIER = "-016112128-dongguk.edu";
				PRODUCT_NAME = "$(TARGET_NAME)";
				SWIFT_OBJC_BRIDGING_HEADER = "";
				SWIFT_VERSION = 5.0;
				TARGETED_DEVICE_FAMILY = "1,2";
			};
			name = Release;
		};
/* End XCBuildConfiguration section */

/* Begin XCConfigurationList section */
		4A01598923291738000EEF1C /* Build configuration list for PBXProject "Seotro" */ = {
			isa = XCConfigurationList;
			buildConfigurations = (
				4A01599E2329173A000EEF1C /* Debug */,
				4A01599F2329173A000EEF1C /* Release */,
			);
			defaultConfigurationIsVisible = 0;
			defaultConfigurationName = Release;
		};
		4A0159A02329173A000EEF1C /* Build configuration list for PBXNativeTarget "Seotro" */ = {
			isa = XCConfigurationList;
			buildConfigurations = (
				4A0159A12329173A000EEF1C /* Debug */,
				4A0159A22329173A000EEF1C /* Release */,
			);
			defaultConfigurationIsVisible = 0;
			defaultConfigurationName = Release;
		};
/* End XCConfigurationList section */
	};
	rootObject = 4A01598623291738000EEF1C /* Project object */;
}
